
Microsoft Visual Studio Solution File, Format Version 12.00
# Visual Studio Version 17
VisualStudioVersion = 17.3.32901.215
MinimumVisualStudioVersion = 10.0.40219.1
Project("{FAE04EC0-301F-11D3-BF4B-00C04F79EFBC}") = "Music_Downloader", "Music_Downloader\Music_Downloader.csproj", "{3200E145-91C9-4BDA-90B4-6BE3BA0C79EA}"
EndProject
Global
	GlobalSection(SolutionConfigurationPlatforms) = preSolution
		Debug|Any CPU = Debug|Any CPU
		Release|Any CPU = Release|Any CPU
	EndGlobalSection
	GlobalSection(ProjectConfigurationPlatforms) = postSolution
		{3200E145-91C9-4BDA-90B4-6BE3BA0C79EA}.Debug|Any CPU.ActiveCfg = Debug|Any CPU
		{3200E145-91C9-4BDA-90B4-6BE3BA0C79EA}.Debug|Any CPU.Build.0 = Debug|Any CPU
		{3200E145-91C9-4BDA-90B4-6BE3BA0C79EA}.Release|Any CPU.ActiveCfg = Release|Any CPU
		{3200E145-91C9-4BDA-90B4-6BE3BA0C79EA}.Release|Any CPU.Build.0 = Release|Any CPU
	EndGlobalSection
	GlobalSection(SolutionProperties) = preSolution
		HideSolutionNode = FALSE
	EndGlobalSection
	GlobalSection(ExtensibilityGlobals) = postSolution
		SolutionGuid = {4710619D-B229-4B8F-A667-8554041B9523}
	EndGlobalSection
EndGlobal
